
Microsoft Visual Studio Solution File, Format Version 12.00
# Visual Studio 15
Project("{FAE04EC0-301F-11D3-BF4B-00C04F79EFBC}") = "Assembly-CSharp", "Assembly-CSharp.csproj", "{1C8B8CE7-4951-5680-2BAB-8DEAFC90BA8F}"
EndProject
Project("{FAE04EC0-301F-11D3-BF4B-00C04F79EFBC}") = "Assembly-CSharp-Editor", "Assembly-CSharp-Editor.csproj", "{5230B6EA-6B5E-2041-9EBC-C20DE63B37F2}"
EndProject
Global
	GlobalSection(SolutionConfigurationPlatforms) = preSolution
		Debug|Any CPU = Debug|Any CPU
		Release|Any CPU = Release|Any CPU
	EndGlobalSection
	GlobalSection(ProjectConfigurationPlatforms) = postSolution
		{1C8B8CE7-4951-5680-2BAB-8DEAFC90BA8F}.Debug|Any CPU.ActiveCfg = Debug|Any CPU
		{1C8B8CE7-4951-5680-2BAB-8DEAFC90BA8F}.Debug|Any CPU.Build.0 = Debug|Any CPU
		{1C8B8CE7-4951-5680-2BAB-8DEAFC90BA8F}.Release|Any CPU.ActiveCfg = Release|Any CPU
		{1C8B8CE7-4951-5680-2BAB-8DEAFC90BA8F}.Release|Any CPU.Build.0 = Release|Any CPU
		{5230B6EA-6B5E-2041-9EBC-C20DE63B37F2}.Debug|Any CPU.ActiveCfg = Debug|Any CPU
		{5230B6EA-6B5E-2041-9EBC-C20DE63B37F2}.Debug|Any CPU.Build.0 = Debug|Any CPU
		{5230B6EA-6B5E-2041-9EBC-C20DE63B37F2}.Release|Any CPU.ActiveCfg = Release|Any CPU
		{5230B6EA-6B5E-2041-9EBC-C20DE63B37F2}.Release|Any CPU.Build.0 = Release|Any CPU
	EndGlobalSection
	GlobalSection(SolutionProperties) = preSolution
		HideSolutionNode = FALSE
	EndGlobalSection
EndGlobal
